
Microsoft Visual Studio Solution File, Format Version 12.00
# Visual Studio 15
VisualStudioVersion = 15.0.26730.16
MinimumVisualStudioVersion = 10.0.40219.1
Project("{FAE04EC0-301F-11D3-BF4B-00C04F79EFBC}") = "Psych1", "Psych1\Psych1.csproj", "{A594A6EA-58AF-4EDE-BA6D-EAC4055C1C9E}"
EndProject
Project("{2150E333-8FDC-42A3-9474-1A3956D46DE8}") = "Solution Items", "Solution Items", "{2478DF62-F77E-4FA9-A907-9013D7996BD5}"
EndProject
Global
	GlobalSection(SolutionConfigurationPlatforms) = preSolution
		Debug|Any CPU = Debug|Any CPU
		Debug|x86 = Debug|x86
		Release|Any CPU = Release|Any CPU
		Release|x86 = Release|x86
	EndGlobalSection
	GlobalSection(ProjectConfigurationPlatforms) = postSolution
		{A594A6EA-58AF-4EDE-BA6D-EAC4055C1C9E}.Debug|Any CPU.ActiveCfg = Debug|Any CPU
		{A594A6EA-58AF-4EDE-BA6D-EAC4055C1C9E}.Debug|Any CPU.Build.0 = Debug|Any CPU
		{A594A6EA-58AF-4EDE-BA6D-EAC4055C1C9E}.Debug|x86.ActiveCfg = Debug|x86
		{A594A6EA-58AF-4EDE-BA6D-EAC4055C1C9E}.Debug|x86.Build.0 = Debug|x86
		{A594A6EA-58AF-4EDE-BA6D-EAC4055C1C9E}.Release|Any CPU.ActiveCfg = Release|Any CPU
		{A594A6EA-58AF-4EDE-BA6D-EAC4055C1C9E}.Release|Any CPU.Build.0 = Release|Any CPU
		{A594A6EA-58AF-4EDE-BA6D-EAC4055C1C9E}.Release|x86.ActiveCfg = Release|x86
		{A594A6EA-58AF-4EDE-BA6D-EAC4055C1C9E}.Release|x86.Build.0 = Release|x86
	EndGlobalSection
	GlobalSection(SolutionProperties) = preSolution
		HideSolutionNode = FALSE
	EndGlobalSection
	GlobalSection(ExtensibilityGlobals) = postSolution
		SolutionGuid = {F5940F4F-41C0-48F4-8A5B-F8E86AC9D711}
	EndGlobalSection
EndGlobal
